// !$*UTF8*$!
{
	archiveVersion = 1;
	classes = {
	};
	objectVersion = 48;
	objects = {

/* Begin PBXBuildFile section */
		DD9A99311F25058E0058738B /* AppDelegate.swift in Sources */ = {isa = PBXBuildFile; fileRef = DD9A99301F25058E0058738B /* AppDelegate.swift */; };
		DD9A99331F25058E0058738B /* ViewController.swift in Sources */ = {isa = PBXBuildFile; fileRef = DD9A99321F25058E0058738B /* ViewController.swift */; };
		DD9A99361F25058E0058738B /* Main.storyboard in Resources */ = {isa = PBXBuildFile; fileRef = DD9A99341F25058E0058738B /* Main.storyboard */; };
		DD9A99381F25058E0058738B /* Assets.xcassets in Resources */ = {isa = PBXBuildFile; fileRef = DD9A99371F25058E0058738B /* Assets.xcassets */; };
		DD9A993B1F25058E0058738B /* LaunchScreen.storyboard in Resources */ = {isa = PBXBuildFile; fileRef = DD9A99391F25058E0058738B /* LaunchScreen.storyboard */; };
		DD9A99431F2546FE0058738B /* SwiftyJSON.swift in Sources */ = {isa = PBXBuildFile; fileRef = DD9A99421F2546FD0058738B /* SwiftyJSON.swift */; };
		DD9A99451F25F3DC0058738B /* DetailViewController.swift in Sources */ = {isa = PBXBuildFile; fileRef = DD9A99441F25F3DC0058738B /* DetailViewController.swift */; };
/* End PBXBuildFile section */

/* Begin PBXFileReference section */
		DD9A992D1F25058E0058738B /* Project 7: Whitehouse Petitions.app */ = {isa = PBXFileReference; explicitFileType = wrapper.application; includeInIndex = 0; path = "Project 7: Whitehouse Petitions.app"; sourceTree = BUILT_PRODUCTS_DIR; };
		DD9A99301F25058E0058738B /* AppDelegate.swift */ = {isa = PBXFileReference; lastKnownFileType = sourcecode.swift; path = AppDelegate.swift; sourceTree = "<group>"; };
		DD9A99321F25058E0058738B /* ViewController.swift */ = {isa = PBXFileReference; lastKnownFileType = sourcecode.swift; path = ViewController.swift; sourceTree = "<group>"; };
		DD9A99351F25058E0058738B /* Base */ = {isa = PBXFileReference; lastKnownFileType = file.storyboard; name = Base; path = Base.lproj/Main.storyboard; sourceTree = "<group>"; };
		DD9A99371F25058E0058738B /* Assets.xcassets */ = {isa = PBXFileReference; lastKnownFileType = folder.assetcatalog; path = Assets.xcassets; sourceTree = "<group>"; };
		DD9A993A1F25058E0058738B /* Base */ = {isa = PBXFileReference; lastKnownFileType = file.storyboard; name = Base; path = Base.lproj/LaunchScreen.storyboard; sourceTree = "<group>"; };
		DD9A993C1F25058E0058738B /* Info.plist */ = {isa = PBXFileReference; lastKnownFileType = text.plist.xml; path = Info.plist; sourceTree = "<group>"; };
		DD9A99421F2546FD0058738B /* SwiftyJSON.swift */ = {isa = PBXFileReference; fileEncoding = 4; lastKnownFileType = sourcecode.swift; name = SwiftyJSON.swift; path = "../../../HackingWithSwift-master/project7-files/SwiftyJSON.swift"; sourceTree = "<group>"; };
		DD9A99441F25F3DC0058738B /* DetailViewController.swift */ = {isa = PBXFileReference; lastKnownFileType = sourcecode.swift; path = DetailViewController.swift; sourceTree = "<group>"; };
/* End PBXFileReference section */

/* Begin PBXFrameworksBuildPhase section */
		DD9A992A1F25058E0058738B /* Frameworks */ = {
			isa = PBXFrameworksBuildPhase;
			buildActionMask = 2147483647;
			files = (
			);
			runOnlyForDeploymentPostprocessing = 0;
		};
/* End PBXFrameworksBuildPhase section */

/* Begin PBXGroup section */
		DD9A99241F25058E0058738B = {
			isa = PBXGroup;
			children = (
				DD9A992F1F25058E0058738B /* Project 7: Whitehouse Petitions */,
				DD9A992E1F25058E0058738B /* Products */,
			);
			sourceTree = "<group>";
		};
		DD9A992E1F25058E0058738B /* Products */ = {
			isa = PBXGroup;
			children = (
				DD9A992D1F25058E0058738B /* Project 7: Whitehouse Petitions.app */,
			);
			name = Products;
			sourceTree = "<group>";
		};
		DD9A992F1F25058E0058738B /* Project 7: Whitehouse Petitions */ = {
			isa = PBXGroup;
			children = (
				DD9A99301F25058E0058738B /* AppDelegate.swift */,
				DD9A99321F25058E0058738B /* ViewController.swift */,
				DD9A99441F25F3DC0058738B /* DetailViewController.swift */,
				DD9A99421F2546FD0058738B /* SwiftyJSON.swift */,
				DD9A99341F25058E0058738B /* Main.storyboard */,
				DD9A99371F25058E0058738B /* Assets.xcassets */,
				DD9A99391F25058E0058738B /* LaunchScreen.storyboard */,
				DD9A993C1F25058E0058738B /* Info.plist */,
			);
			path = "Project 7: Whitehouse Petitions";
			sourceTree = "<group>";
		};
/* End PBXGroup section */

/* Begin PBXNativeTarget section */
		DD9A992C1F25058E0058738B /* Project 7: Whitehouse Petitions */ = {
			isa = PBXNativeTarget;
			buildConfigurationList = DD9A993F1F25058E0058738B /* Build configuration list for PBXNativeTarget "Project 7: Whitehouse Petitions" */;
			buildPhases = (
				DD9A99291F25058E0058738B /* Sources */,
				DD9A992A1F25058E0058738B /* Frameworks */,
				DD9A992B1F25058E0058738B /* Resources */,
			);
			buildRules = (
			);
			dependencies = (
			);
			name = "Project 7: Whitehouse Petitions";
			productName = "Project 7: Whitehouse Petitions";
			productReference = DD9A992D1F25058E0058738B /* Project 7: Whitehouse Petitions.app */;
			productType = "com.apple.product-type.application";
		};
/* End PBXNativeTarget section */

/* Begin PBXProject section */
		DD9A99251F25058E0058738B /* Project object */ = {
			isa = PBXProject;
			attributes = {
				LastSwiftUpdateCheck = 0900;
				LastUpgradeCheck = 0900;
				ORGANIZATIONNAME = "Vadim Prosviryakov";
				TargetAttributes = {
					DD9A992C1F25058E0058738B = {
						CreatedOnToolsVersion = 9.0;
					};
				};
			};
			buildConfigurationList = DD9A99281F25058E0058738B /* Build configuration list for PBXProject "Project 7: Whitehouse Petitions" */;
			compatibilityVersion = "Xcode 8.0";
			developmentRegion = en;
			hasScannedForEncodings = 0;
			knownRegions = (
				en,
				Base,
			);
			mainGroup = DD9A99241F25058E0058738B;
			productRefGroup = DD9A992E1F25058E0058738B /* Products */;
			projectDirPath = "";
			projectRoot = "";
			targets = (
				DD9A992C1F25058E0058738B /* Project 7: Whitehouse Petitions */,
			);
		};
/* End PBXProject section */

/* Begin PBXResourcesBuildPhase section */
		DD9A992B1F25058E0058738B /* Resources */ = {
			isa = PBXResourcesBuildPhase;
			buildActionMask = 2147483647;
			files = (
				DD9A993B1F25058E0058738B /* LaunchScreen.storyboard in Resources */,
				DD9A99381F25058E0058738B /* Assets.xcassets in Resources */,
				DD9A99361F25058E0058738B /* Main.storyboard in Resources */,
			);
			runOnlyForDeploymentPostprocessing = 0;
		};
/* End PBXResourcesBuildPhase section */

/* Begin PBXSourcesBuildPhase section */
		DD9A99291F25058E0058738B /* Sources */ = {
			isa = PBXSourcesBuildPhase;
			buildActionMask = 2147483647;
			files = (
				DD9A99431F2546FE0058738B /* SwiftyJSON.swift in Sources */,
				DD9A99331F25058E0058738B /* ViewController.swift in Sources */,
				DD9A99311F25058E0058738B /* AppDelegate.swift in Sources */,
				DD9A99451F25F3DC0058738B /* DetailViewController.swift in Sources */,
			);
			runOnlyForDeploymentPostprocessing = 0;
		};
/* End PBXSourcesBuildPhase section */

/* Begin PBXVariantGroup section */
		DD9A99341F25058E0058738B /* Main.storyboard */ = {
			isa = PBXVariantGroup;
			children = (
				DD9A99351F25058E0058738B /* Base */,
			);
			name = Main.storyboard;
			sourceTree = "<group>";
		};
		DD9A99391F25058E0058738B /* LaunchScreen.storyboard */ = {
			isa = PBXVariantGroup;
			children = (
				DD9A993A1F25058E0058738B /* Base */,
			);
			name = LaunchScreen.storyboard;
			sourceTree = "<group>";
		};
/* End PBXVariantGroup section */

/* Begin XCBuildConfiguration section */
		DD9A993D1F25058E0058738B /* Debug */ = {
			isa = XCBuildConfiguration;
			buildSettings = {
				ALWAYS_SEARCH_USER_PATHS = NO;
				CLANG_ANALYZER_NONNULL = YES;
				CLANG_ANALYZER_NUMBER_OBJECT_CONVERSION = YES_AGGRESSIVE;
				CLANG_CXX_LANGUAGE_STANDARD = "gnu++14";
				CLANG_CXX_LIBRARY = "libc++";
				CLANG_ENABLE_MODULES = YES;
				CLANG_ENABLE_OBJC_ARC = YES;
				CLANG_WARN_BLOCK_CAPTURE_AUTORELEASING = YES;
				CLANG_WARN_BOOL_CONVERSION = YES;
				CLANG_WARN_COMMA = YES;
				CLANG_WARN_CONSTANT_CONVERSION = YES;
				CLANG_WARN_DIRECT_OBJC_ISA_USAGE = YES_ERROR;
				CLANG_WARN_DOCUMENTATION_COMMENTS = YES;
				CLANG_WARN_EMPTY_BODY = YES;
				CLANG_WARN_ENUM_CONVERSION = YES;
				CLANG_WARN_INFINITE_RECURSION = YES;
				CLANG_WARN_INT_CONVERSION = YES;
				CLANG_WARN_NON_LITERAL_NULL_CONVERSION = YES;
				CLANG_WARN_OBJC_LITERAL_CONVERSION = YES;
				CLANG_WARN_OBJC_ROOT_CLASS = YES_ERROR;
				CLANG_WARN_RANGE_LOOP_ANALYSIS = YES;
				CLANG_WARN_STRICT_PROTOTYPES = YES;
				CLANG_WARN_SUSPICIOUS_MOVE = YES;
				CLANG_WARN_UNGUARDED_AVAILABILITY = YES_AGGRESSIVE;
				CLANG_WARN_UNREACHABLE_CODE = YES;
				CLANG_WARN__DUPLICATE_METHOD_MATCH = YES;
				CODE_SIGN_IDENTITY = "iPhone Developer";
				COPY_PHASE_STRIP = NO;
				DEBUG_INFORMATION_FORMAT = dwarf;
				ENABLE_STRICT_OBJC_MSGSEND = YES;
				ENABLE_TESTABILITY = YES;
				GCC_C_LANGUAGE_STANDARD = gnu11;
				GCC_DYNAMIC_NO_PIC = NO;
				GCC_NO_COMMON_BLOCKS = YES;
				GCC_OPTIMIZATION_LEVEL = 0;
				GCC_PREPROCESSOR_DEFINITIONS = (
					"DEBUG=1",
					"$(inherited)",
				);
				GCC_WARN_64_TO_32_BIT_CONVERSION = YES;
				GCC_WARN_ABOUT_RETURN_TYPE = YES_ERROR;
				GCC_WARN_UNDECLARED_SELECTOR = YES;
				GCC_WARN_UNINITIALIZED_AUTOS = YES_AGGRESSIVE;
				GCC_WARN_UNUSED_FUNCTION = YES;
				GCC_WARN_UNUSED_VARIABLE = YES;
				IPHONEOS_DEPLOYMENT_TARGET = 11.0;
				MTL_ENABLE_DEBUG_INFO = YES;
				ONLY_ACTIVE_ARCH = YES;
				SDKROOT = iphoneos;
				SWIFT_ACTIVE_COMPILATION_CONDITIONS = DEBUG;
				SWIFT_OPTIMIZATION_LEVEL = "-Onone";
			};
			name = Debug;
		};
		DD9A993E1F25058E0058738B /* Release */ = {
			isa = XCBuildConfiguration;
			buildSettings = {
				ALWAYS_SEARCH_USER_PATHS = NO;
				CLANG_ANALYZER_NONNULL = YES;
				CLANG_ANALYZER_NUMBER_OBJECT_CONVERSION = YES_AGGRESSIVE;
				CLANG_CXX_LANGUAGE_STANDARD = "gnu++14";
				CLANG_CXX_LIBRARY = "libc++";
				CLANG_ENABLE_MODULES = YES;
				CLANG_ENABLE_OBJC_ARC = YES;
				CLANG_WARN_BLOCK_CAPTURE_AUTORELEASING = YES;
				CLANG_WARN_BOOL_CONVERSION = YES;
				CLANG_WARN_COMMA = YES;
				CLANG_WARN_CONSTANT_CONVERSION = YES;
				CLANG_WARN_DIRECT_OBJC_ISA_USAGE = YES_ERROR;
				CLANG_WARN_DOCUMENTATION_COMMENTS = YES;
				CLANG_WARN_EMPTY_BODY = YES;
				CLANG_WARN_ENUM_CONVERSION = YES;
				CLANG_WARN_INFINITE_RECURSION = YES;
				CLANG_WARN_INT_CONVERSION = YES;
				CLANG_WARN_NON_LITERAL_NULL_CONVERSION = YES;
				CLANG_WARN_OBJC_LITERAL_CONVERSION = YES;
				CLANG_WARN_OBJC_ROOT_CLASS = YES_ERROR;
				CLANG_WARN_RANGE_LOOP_ANALYSIS = YES;
				CLANG_WARN_STRICT_PROTOTYPES = YES;
				CLANG_WARN_SUSPICIOUS_MOVE = YES;
				CLANG_WARN_UNGUARDED_AVAILABILITY = YES_AGGRESSIVE;
				CLANG_WARN_UNREACHABLE_CODE = YES;
				CLANG_WARN__DUPLICATE_METHOD_MATCH = YES;
				CODE_SIGN_IDENTITY = "iPhone Developer";
				COPY_PHASE_STRIP = NO;
				DEBUG_INFORMATION_FORMAT = "dwarf-with-dsym";
				ENABLE_NS_ASSERTIONS = NO;
				ENABLE_STRICT_OBJC_MSGSEND = YES;
				GCC_C_LANGUAGE_STANDARD = gnu11;
				GCC_NO_COMMON_BLOCKS = YES;
				GCC_WARN_64_TO_32_BIT_CONVERSION = YES;
				GCC_WARN_ABOUT_RETURN_TYPE = YES_ERROR;
				GCC_WARN_UNDECLARED_SELECTOR = YES;
				GCC_WARN_UNINITIALIZED_AUTOS = YES_AGGRESSIVE;
				GCC_WARN_UNUSED_FUNCTION = YES;
				GCC_WARN_UNUSED_VARIABLE = YES;
				IPHONEOS_DEPLOYMENT_TARGET = 11.0;
				MTL_ENABLE_DEBUG_INFO = NO;
				SDKROOT = iphoneos;
				SWIFT_OPTIMIZATION_LEVEL = "-Owholemodule";
				VALIDATE_PRODUCT = YES;
			};
			name = Release;
		};
		DD9A99401F25058E0058738B /* Debug */ = {
			isa = XCBuildConfiguration;
			buildSettings = {
				ASSETCATALOG_COMPILER_APPICON_NAME = AppIcon;
				DEVELOPMENT_TEAM = "";
				INFOPLIST_FILE = "Project 7: Whitehouse Petitions/Info.plist";
				LD_RUNPATH_SEARCH_PATHS = "$(inherited) @executable_path/Frameworks";
				PRODUCT_BUNDLE_IDENTIFIER = "com.vadimprosviryakov.Project-7--Whitehouse-Petitions";
				PRODUCT_NAME = "$(TARGET_NAME)";
				SWIFT_VERSION = 4.0;
				TARGETED_DEVICE_FAMILY = "1,2";
			};
			name = Debug;
		};
		DD9A99411F25058E0058738B /* Release */ = {
			isa = XCBuildConfiguration;
			buildSettings = {
				ASSETCATALOG_COMPILER_APPICON_NAME = AppIcon;
				DEVELOPMENT_TEAM = "";
				INFOPLIST_FILE = "Project 7: Whitehouse Petitions/Info.plist";
				LD_RUNPATH_SEARCH_PATHS = "$(inherited) @executable_path/Frameworks";
				PRODUCT_BUNDLE_IDENTIFIER = "com.vadimprosviryakov.Project-7--Whitehouse-Petitions";
				PRODUCT_NAME = "$(TARGET_NAME)";
				SWIFT_VERSION = 4.0;
				TARGETED_DEVICE_FAMILY = "1,2";
			};
			name = Release;
		};
/* End XCBuildConfiguration section */

/* Begin XCConfigurationList section */
		DD9A99281F25058E0058738B /* Build configuration list for PBXProject "Project 7: Whitehouse Petitions" */ = {
			isa = XCConfigurationList;
			buildConfigurations = (
				DD9A993D1F25058E0058738B /* Debug */,
				DD9A993E1F25058E0058738B /* Release */,
			);
			defaultConfigurationIsVisible = 0;
			defaultConfigurationName = Release;
		};
		DD9A993F1F25058E0058738B /* Build configuration list for PBXNativeTarget "Project 7: Whitehouse Petitions" */ = {
			isa = XCConfigurationList;
			buildConfigurations = (
				DD9A99401F25058E0058738B /* Debug */,
				DD9A99411F25058E0058738B /* Release */,
			);
			defaultConfigurationIsVisible = 0;
		};
/* End XCConfigurationList section */
	};
	rootObject = DD9A99251F25058E0058738B /* Project object */;
}
